// !$*UTF8*$!
{
	archiveVersion = 1;
	classes = {
	};
	objectVersion = 46;
	objects = {

/* Begin PBXBuildFile section */
		1306A4161C3A597200D8B019 /* ToDoListDetailViewController.swift in Sources */ = {isa = PBXBuildFile; fileRef = 1306A4151C3A597200D8B019 /* ToDoListDetailViewController.swift */; };
		1306A4181C3AB7F900D8B019 /* DataModel.swift in Sources */ = {isa = PBXBuildFile; fileRef = 1306A4171C3AB7F900D8B019 /* DataModel.swift */; };
		1306A41A1C3B65FD00D8B019 /* ToDoIconPickerViewController.swift in Sources */ = {isa = PBXBuildFile; fileRef = 1306A4191C3B65FD00D8B019 /* ToDoIconPickerViewController.swift */; };
		139DF2F91C35143D002C31BD /* AppDelegate.swift in Sources */ = {isa = PBXBuildFile; fileRef = 139DF2F81C35143D002C31BD /* AppDelegate.swift */; };
		139DF2FE1C35143D002C31BD /* Main.storyboard in Resources */ = {isa = PBXBuildFile; fileRef = 139DF2FC1C35143D002C31BD /* Main.storyboard */; };
		139DF3001C35143D002C31BD /* Assets.xcassets in Resources */ = {isa = PBXBuildFile; fileRef = 139DF2FF1C35143D002C31BD /* Assets.xcassets */; };
		139DF3031C35143D002C31BD /* LaunchScreen.storyboard in Resources */ = {isa = PBXBuildFile; fileRef = 139DF3011C35143D002C31BD /* LaunchScreen.storyboard */; };
		139DF30D1C3515CC002C31BD /* ToDoListViewController.swift in Sources */ = {isa = PBXBuildFile; fileRef = 139DF30C1C3515CC002C31BD /* ToDoListViewController.swift */; };
		139E5B981C3526A1005251D8 /* ToDoListItem.swift in Sources */ = {isa = PBXBuildFile; fileRef = 139E5B971C3526A1005251D8 /* ToDoListItem.swift */; };
		13B9D6F81C3A4777004CDF53 /* ToDoAllListViewController.swift in Sources */ = {isa = PBXBuildFile; fileRef = 13B9D6F71C3A4777004CDF53 /* ToDoAllListViewController.swift */; };
		13B9D6FA1C3A4AF5004CDF53 /* ToDOlistCategoryItem.swift in Sources */ = {isa = PBXBuildFile; fileRef = 13B9D6F91C3A4AF5004CDF53 /* ToDOlistCategoryItem.swift */; };
		13FF46D81C390AC300D30D32 /* ToDoItemDetailViewController.swift in Sources */ = {isa = PBXBuildFile; fileRef = 13FF46D71C390AC300D30D32 /* ToDoItemDetailViewController.swift */; };
/* End PBXBuildFile section */

/* Begin PBXFileReference section */
		1306A4151C3A597200D8B019 /* ToDoListDetailViewController.swift */ = {isa = PBXFileReference; fileEncoding = 4; lastKnownFileType = sourcecode.swift; path = ToDoListDetailViewController.swift; sourceTree = "<group>"; };
		1306A4171C3AB7F900D8B019 /* DataModel.swift */ = {isa = PBXFileReference; fileEncoding = 4; lastKnownFileType = sourcecode.swift; path = DataModel.swift; sourceTree = "<group>"; };
		1306A4191C3B65FD00D8B019 /* ToDoIconPickerViewController.swift */ = {isa = PBXFileReference; fileEncoding = 4; lastKnownFileType = sourcecode.swift; path = ToDoIconPickerViewController.swift; sourceTree = "<group>"; };
		139DF2F51C35143D002C31BD /* I To Do.app */ = {isa = PBXFileReference; explicitFileType = wrapper.application; includeInIndex = 0; path = "I To Do.app"; sourceTree = BUILT_PRODUCTS_DIR; };
		139DF2F81C35143D002C31BD /* AppDelegate.swift */ = {isa = PBXFileReference; lastKnownFileType = sourcecode.swift; path = AppDelegate.swift; sourceTree = "<group>"; };
		139DF2FD1C35143D002C31BD /* Base */ = {isa = PBXFileReference; lastKnownFileType = file.storyboard; name = Base; path = Base.lproj/Main.storyboard; sourceTree = "<group>"; };
		139DF2FF1C35143D002C31BD /* Assets.xcassets */ = {isa = PBXFileReference; lastKnownFileType = folder.assetcatalog; path = Assets.xcassets; sourceTree = "<group>"; };
		139DF3021C35143D002C31BD /* Base */ = {isa = PBXFileReference; lastKnownFileType = file.storyboard; name = Base; path = Base.lproj/LaunchScreen.storyboard; sourceTree = "<group>"; };
		139DF3041C35143D002C31BD /* Info.plist */ = {isa = PBXFileReference; lastKnownFileType = text.plist.xml; path = Info.plist; sourceTree = "<group>"; };
		139DF30C1C3515CC002C31BD /* ToDoListViewController.swift */ = {isa = PBXFileReference; fileEncoding = 4; lastKnownFileType = sourcecode.swift; path = ToDoListViewController.swift; sourceTree = "<group>"; };
		139E5B971C3526A1005251D8 /* ToDoListItem.swift */ = {isa = PBXFileReference; fileEncoding = 4; lastKnownFileType = sourcecode.swift; path = ToDoListItem.swift; sourceTree = "<group>"; };
		13B9D6F71C3A4777004CDF53 /* ToDoAllListViewController.swift */ = {isa = PBXFileReference; fileEncoding = 4; lastKnownFileType = sourcecode.swift; path = ToDoAllListViewController.swift; sourceTree = "<group>"; };
		13B9D6F91C3A4AF5004CDF53 /* ToDOlistCategoryItem.swift */ = {isa = PBXFileReference; fileEncoding = 4; lastKnownFileType = sourcecode.swift; path = ToDOlistCategoryItem.swift; sourceTree = "<group>"; };
		13FF46D71C390AC300D30D32 /* ToDoItemDetailViewController.swift */ = {isa = PBXFileReference; fileEncoding = 4; lastKnownFileType = sourcecode.swift; path = ToDoItemDetailViewController.swift; sourceTree = "<group>"; };
/* End PBXFileReference section */

/* Begin PBXFrameworksBuildPhase section */
		139DF2F21C35143D002C31BD /* Frameworks */ = {
			isa = PBXFrameworksBuildPhase;
			buildActionMask = 2147483647;
			files = (
			);
			runOnlyForDeploymentPostprocessing = 0;
		};
/* End PBXFrameworksBuildPhase section */

/* Begin PBXGroup section */
		139DF2EC1C35143D002C31BD = {
			isa = PBXGroup;
			children = (
				139DF2F71C35143D002C31BD /* I To Do */,
				139DF2F61C35143D002C31BD /* Products */,
			);
			sourceTree = "<group>";
		};
		139DF2F61C35143D002C31BD /* Products */ = {
			isa = PBXGroup;
			children = (
				139DF2F51C35143D002C31BD /* I To Do.app */,
			);
			name = Products;
			sourceTree = "<group>";
		};
		139DF2F71C35143D002C31BD /* I To Do */ = {
			isa = PBXGroup;
			children = (
				139DF2F81C35143D002C31BD /* AppDelegate.swift */,
				139DF30C1C3515CC002C31BD /* ToDoListViewController.swift */,
				13FF46D71C390AC300D30D32 /* ToDoItemDetailViewController.swift */,
				13B9D6F71C3A4777004CDF53 /* ToDoAllListViewController.swift */,
				1306A4151C3A597200D8B019 /* ToDoListDetailViewController.swift */,
				1306A4191C3B65FD00D8B019 /* ToDoIconPickerViewController.swift */,
				13B9D6F91C3A4AF5004CDF53 /* ToDOlistCategoryItem.swift */,
				139E5B971C3526A1005251D8 /* ToDoListItem.swift */,
				1306A4171C3AB7F900D8B019 /* DataModel.swift */,
				139DF2FC1C35143D002C31BD /* Main.storyboard */,
				139DF2FF1C35143D002C31BD /* Assets.xcassets */,
				139DF3011C35143D002C31BD /* LaunchScreen.storyboard */,
				139DF3041C35143D002C31BD /* Info.plist */,
			);
			path = "I To Do";
			sourceTree = "<group>";
		};
/* End PBXGroup section */

/* Begin PBXNativeTarget section */
		139DF2F41C35143D002C31BD /* I To Do */ = {
			isa = PBXNativeTarget;
			buildConfigurationList = 139DF3071C35143D002C31BD /* Build configuration list for PBXNativeTarget "I To Do" */;
			buildPhases = (
				139DF2F11C35143D002C31BD /* Sources */,
				139DF2F21C35143D002C31BD /* Frameworks */,
				139DF2F31C35143D002C31BD /* Resources */,
			);
			buildRules = (
			);
			dependencies = (
			);
			name = "I To Do";
			productName = "I To Do";
			productReference = 139DF2F51C35143D002C31BD /* I To Do.app */;
			productType = "com.apple.product-type.application";
		};
/* End PBXNativeTarget section */

/* Begin PBXProject section */
		139DF2ED1C35143D002C31BD /* Project object */ = {
			isa = PBXProject;
			attributes = {
				LastSwiftUpdateCheck = 0720;
				LastUpgradeCheck = 0720;
				ORGANIZATIONNAME = Chuck;
				TargetAttributes = {
					139DF2F41C35143D002C31BD = {
						CreatedOnToolsVersion = 7.2;
						DevelopmentTeam = 87NA5268C3;
					};
				};
			};
			buildConfigurationList = 139DF2F01C35143D002C31BD /* Build configuration list for PBXProject "I To Do" */;
			compatibilityVersion = "Xcode 3.2";
			developmentRegion = English;
			hasScannedForEncodings = 0;
			knownRegions = (
				en,
				Base,
			);
			mainGroup = 139DF2EC1C35143D002C31BD;
			productRefGroup = 139DF2F61C35143D002C31BD /* Products */;
			projectDirPath = "";
			projectRoot = "";
			targets = (
				139DF2F41C35143D002C31BD /* I To Do */,
			);
		};
/* End PBXProject section */

/* Begin PBXResourcesBuildPhase section */
		139DF2F31C35143D002C31BD /* Resources */ = {
			isa = PBXResourcesBuildPhase;
			buildActionMask = 2147483647;
			files = (
				139DF3031C35143D002C31BD /* LaunchScreen.storyboard in Resources */,
				139DF3001C35143D002C31BD /* Assets.xcassets in Resources */,
				139DF2FE1C35143D002C31BD /* Main.storyboard in Resources */,
			);
			runOnlyForDeploymentPostprocessing = 0;
		};
/* End PBXResourcesBuildPhase section */

/* Begin PBXSourcesBuildPhase section */
		139DF2F11C35143D002C31BD /* Sources */ = {
			isa = PBXSourcesBuildPhase;
			buildActionMask = 2147483647;
			files = (
				13B9D6FA1C3A4AF5004CDF53 /* ToDOlistCategoryItem.swift in Sources */,
				13B9D6F81C3A4777004CDF53 /* ToDoAllListViewController.swift in Sources */,
				13FF46D81C390AC300D30D32 /* ToDoItemDetailViewController.swift in Sources */,
				1306A41A1C3B65FD00D8B019 /* ToDoIconPickerViewController.swift in Sources */,
				139DF30D1C3515CC002C31BD /* ToDoListViewController.swift in Sources */,
				139E5B981C3526A1005251D8 /* ToDoListItem.swift in Sources */,
				1306A4181C3AB7F900D8B019 /* DataModel.swift in Sources */,
				139DF2F91C35143D002C31BD /* AppDelegate.swift in Sources */,
				1306A4161C3A597200D8B019 /* ToDoListDetailViewController.swift in Sources */,
			);
			runOnlyForDeploymentPostprocessing = 0;
		};
/* End PBXSourcesBuildPhase section */

/* Begin PBXVariantGroup section */
		139DF2FC1C35143D002C31BD /* Main.storyboard */ = {
			isa = PBXVariantGroup;
			children = (
				139DF2FD1C35143D002C31BD /* Base */,
			);
			name = Main.storyboard;
			sourceTree = "<group>";
		};
		139DF3011C35143D002C31BD /* LaunchScreen.storyboard */ = {
			isa = PBXVariantGroup;
			children = (
				139DF3021C35143D002C31BD /* Base */,
			);
			name = LaunchScreen.storyboard;
			sourceTree = "<group>";
		};
/* End PBXVariantGroup section */

/* Begin XCBuildConfiguration section */
		139DF3051C35143D002C31BD /* Debug */ = {
			isa = XCBuildConfiguration;
			buildSettings = {
				ALWAYS_SEARCH_USER_PATHS = NO;
				CLANG_CXX_LANGUAGE_STANDARD = "gnu++0x";
				CLANG_CXX_LIBRARY = "libc++";
				CLANG_ENABLE_MODULES = YES;
				CLANG_ENABLE_OBJC_ARC = YES;
				CLANG_WARN_BOOL_CONVERSION = YES;
				CLANG_WARN_CONSTANT_CONVERSION = YES;
				CLANG_WARN_DIRECT_OBJC_ISA_USAGE = YES_ERROR;
				CLANG_WARN_EMPTY_BODY = YES;
				CLANG_WARN_ENUM_CONVERSION = YES;
				CLANG_WARN_INT_CONVERSION = YES;
				CLANG_WARN_OBJC_ROOT_CLASS = YES_ERROR;
				CLANG_WARN_UNREACHABLE_CODE = YES;
				CLANG_WARN__DUPLICATE_METHOD_MATCH = YES;
				"CODE_SIGN_IDENTITY[sdk=iphoneos*]" = "iPhone Developer";
				COPY_PHASE_STRIP = NO;
				DEBUG_INFORMATION_FORMAT = dwarf;
				ENABLE_STRICT_OBJC_MSGSEND = YES;
				ENABLE_TESTABILITY = YES;
				GCC_C_LANGUAGE_STANDARD = gnu99;
				GCC_DYNAMIC_NO_PIC = NO;
				GCC_NO_COMMON_BLOCKS = YES;
				GCC_OPTIMIZATION_LEVEL = 0;
				GCC_PREPROCESSOR_DEFINITIONS = (
					"DEBUG=1",
					"$(inherited)",
				);
				GCC_WARN_64_TO_32_BIT_CONVERSION = YES;
				GCC_WARN_ABOUT_RETURN_TYPE = YES_ERROR;
				GCC_WARN_UNDECLARED_SELECTOR = YES;
				GCC_WARN_UNINITIALIZED_AUTOS = YES_AGGRESSIVE;
				GCC_WARN_UNUSED_FUNCTION = YES;
				GCC_WARN_UNUSED_VARIABLE = YES;
				IPHONEOS_DEPLOYMENT_TARGET = 9.2;
				MTL_ENABLE_DEBUG_INFO = YES;
				ONLY_ACTIVE_ARCH = YES;
				SDKROOT = iphoneos;
				SWIFT_OPTIMIZATION_LEVEL = "-Onone";
			};
			name = Debug;
		};
		139DF3061C35143D002C31BD /* Release */ = {
			isa = XCBuildConfiguration;
			buildSettings = {
				ALWAYS_SEARCH_USER_PATHS = NO;
				CLANG_CXX_LANGUAGE_STANDARD = "gnu++0x";
				CLANG_CXX_LIBRARY = "libc++";
				CLANG_ENABLE_MODULES = YES;
				CLANG_ENABLE_OBJC_ARC = YES;
				CLANG_WARN_BOOL_CONVERSION = YES;
				CLANG_WARN_CONSTANT_CONVERSION = YES;
				CLANG_WARN_DIRECT_OBJC_ISA_USAGE = YES_ERROR;
				CLANG_WARN_EMPTY_BODY = YES;
				CLANG_WARN_ENUM_CONVERSION = YES;
				CLANG_WARN_INT_CONVERSION = YES;
				CLANG_WARN_OBJC_ROOT_CLASS = YES_ERROR;
				CLANG_WARN_UNREACHABLE_CODE = YES;
				CLANG_WARN__DUPLICATE_METHOD_MATCH = YES;
				"CODE_SIGN_IDENTITY[sdk=iphoneos*]" = "iPhone Developer";
				COPY_PHASE_STRIP = NO;
				DEBUG_INFORMATION_FORMAT = "dwarf-with-dsym";
				ENABLE_NS_ASSERTIONS = NO;
				ENABLE_STRICT_OBJC_MSGSEND = YES;
				GCC_C_LANGUAGE_STANDARD = gnu99;
				GCC_NO_COMMON_BLOCKS = YES;
				GCC_WARN_64_TO_32_BIT_CONVERSION = YES;
				GCC_WARN_ABOUT_RETURN_TYPE = YES_ERROR;
				GCC_WARN_UNDECLARED_SELECTOR = YES;
				GCC_WARN_UNINITIALIZED_AUTOS = YES_AGGRESSIVE;
				GCC_WARN_UNUSED_FUNCTION = YES;
				GCC_WARN_UNUSED_VARIABLE = YES;
				IPHONEOS_DEPLOYMENT_TARGET = 9.2;
				MTL_ENABLE_DEBUG_INFO = NO;
				SDKROOT = iphoneos;
				VALIDATE_PRODUCT = YES;
			};
			name = Release;
		};
		139DF3081C35143D002C31BD /* Debug */ = {
			isa = XCBuildConfiguration;
			buildSettings = {
				ASSETCATALOG_COMPILER_APPICON_NAME = AppIcon;
				INFOPLIST_FILE = "I To Do/Info.plist";
				IPHONEOS_DEPLOYMENT_TARGET = 8.0;
				LD_RUNPATH_SEARCH_PATHS = "$(inherited) @executable_path/Frameworks";
				PRODUCT_BUNDLE_IDENTIFIER = "com.zhinian.I-To-Do";
				PRODUCT_NAME = "$(TARGET_NAME)";
			};
			name = Debug;
		};
		139DF3091C35143D002C31BD /* Release */ = {
			isa = XCBuildConfiguration;
			buildSettings = {
				ASSETCATALOG_COMPILER_APPICON_NAME = AppIcon;
				INFOPLIST_FILE = "I To Do/Info.plist";
				IPHONEOS_DEPLOYMENT_TARGET = 8.0;
				LD_RUNPATH_SEARCH_PATHS = "$(inherited) @executable_path/Frameworks";
				PRODUCT_BUNDLE_IDENTIFIER = "com.zhinian.I-To-Do";
				PRODUCT_NAME = "$(TARGET_NAME)";
			};
			name = Release;
		};
/* End XCBuildConfiguration section */

/* Begin XCConfigurationList section */
		139DF2F01C35143D002C31BD /* Build configuration list for PBXProject "I To Do" */ = {
			isa = XCConfigurationList;
			buildConfigurations = (
				139DF3051C35143D002C31BD /* Debug */,
				139DF3061C35143D002C31BD /* Release */,
			);
			defaultConfigurationIsVisible = 0;
			defaultConfigurationName = Release;
		};
		139DF3071C35143D002C31BD /* Build configuration list for PBXNativeTarget "I To Do" */ = {
			isa = XCConfigurationList;
			buildConfigurations = (
				139DF3081C35143D002C31BD /* Debug */,
				139DF3091C35143D002C31BD /* Release */,
			);
			defaultConfigurationIsVisible = 0;
			defaultConfigurationName = Release;
		};
/* End XCConfigurationList section */
	};
	rootObject = 139DF2ED1C35143D002C31BD /* Project object */;
}
